
Microsoft Visual Studio Solution File, Format Version 12.00
# Visual Studio Version 16
VisualStudioVersion = 16.0.34729.46
MinimumVisualStudioVersion = 10.0.40219.1
Project("{FAE04EC0-301F-11D3-BF4B-00C04F79EFBC}") = "ShopOnline", "ShopOnline\ShopOnline.csproj", "{70B74E2D-8AB3-48EC-AE60-2040E865782B}"
EndProject
Global
	GlobalSection(SolutionConfigurationPlatforms) = preSolution
		Debug|Any CPU = Debug|Any CPU
		Release|Any CPU = Release|Any CPU
	EndGlobalSection
	GlobalSection(ProjectConfigurationPlatforms) = postSolution
		{70B74E2D-8AB3-48EC-AE60-2040E865782B}.Debug|Any CPU.ActiveCfg = Debug|Any CPU
		{70B74E2D-8AB3-48EC-AE60-2040E865782B}.Debug|Any CPU.Build.0 = Debug|Any CPU
		{70B74E2D-8AB3-48EC-AE60-2040E865782B}.Release|Any CPU.ActiveCfg = Release|Any CPU
		{70B74E2D-8AB3-48EC-AE60-2040E865782B}.Release|Any CPU.Build.0 = Release|Any CPU
	EndGlobalSection
	GlobalSection(SolutionProperties) = preSolution
		HideSolutionNode = FALSE
	EndGlobalSection
	GlobalSection(ExtensibilityGlobals) = postSolution
		SolutionGuid = {D8B89AD8-63EC-4D72-85CF-8331E2610DD0}
	EndGlobalSection
EndGlobal
